
Microsoft Visual Studio Solution File, Format Version 9.00
# Visual Studio 2005
Project("{E24C65DC-7377-472B-9ABA-BC803B73C61A}") = "E:\ICT-NJ PROJECT\ICTNJ\", ".", "{D3945C69-3B15-4DB0-A62F-AEFB62EFD438}"
	ProjectSection(WebsiteProperties) = preProject
		ProjectReferences = "{A5C72A47-3024-4EEC-846F-5EB654070444}|PCS.FRAMEWORK.dll;{136AAF71-058A-4F4C-B733-C64489112237}|PCS.LIS.ATT.dll;{C3EEBA92-641E-42B7-93E0-C89506F3E936}|PCS.LIS.BLL.dll;{ACB98799-4B66-4691-AF7B-E38B3C658F71}|PCS.SECURITY.ATT.dll;{23D489EC-28D4-4F15-A245-F6C81CE29E7D}|PCS.SECURITY.BLL.dll;{72728912-EF1B-46C4-BDA1-7F1EEE063B15}|PCS.COMMON.BLL.dll;{51BD4CB5-815A-476D-A9F9-7680EDB7DEF4}|PCS.PMS.ATT.dll;{3D014676-D28D-4B59-9110-9CF03B7AF1DF}|PCS.PMS.BLL.dll;{B4AD0294-C068-4FBF-A21F-E3E96BC15BE7}|PCS.DLPDS.ATT.dll;{E8FF4045-68B7-43EA-A4F7-DE996B462D9D}|PCS.DLPDS.BLL.dll;{141B1FAD-F1AE-4DA0-812D-B366719FC263}|PCS.REPORT.dll;{57A6FD65-EB75-4D6D-A4A3-ECA4C78914AA}|PCS.CMS.ATT.dll;{2C118829-B692-40D7-AFEB-3242C04486F4}|PCS.CMS.BLL.dll;{8222A67D-35AF-429E-A703-D8E15055EBA9}|PCS.LJMS.ATT.dll;{BD4106B8-F1ED-4B3C-978E-B32608AFE023}|PCS.LJMS.BLL.dll;{586564F8-1C13-4996-A494-0B9AC0C662FC}|PCS.OAS.ATT.dll;{C9E7A317-659D-4CEC-8950-2C576B8F361E}|PCS.OAS.BLL.dll;"
		Debug.AspNetCompiler.VirtualPath = "/ICTNJ"
		Debug.AspNetCompiler.PhysicalPath = "E:\ICT-NJ PROJECT\ICTNJ\"
		Debug.AspNetCompiler.TargetPath = "PrecompiledWeb\ICTNJ\"
		Debug.AspNetCompiler.Updateable = "true"
		Debug.AspNetCompiler.ForceOverwrite = "true"
		Debug.AspNetCompiler.FixedNames = "false"
		Debug.AspNetCompiler.Debug = "True"
		Release.AspNetCompiler.VirtualPath = "/ICTNJ"
		Release.AspNetCompiler.PhysicalPath = "E:\ICT-NJ PROJECT\ICTNJ\"
		Release.AspNetCompiler.TargetPath = "PrecompiledWeb\ICTNJ\"
		Release.AspNetCompiler.Updateable = "true"
		Release.AspNetCompiler.ForceOverwrite = "true"
		Release.AspNetCompiler.FixedNames = "false"
		Release.AspNetCompiler.Debug = "False"
		VWDPort = "4974"
		DefaultWebSiteLanguage = "Visual C#"
	EndProjectSection
EndProject
Project("{2150E333-8FDC-42A3-9474-1A3956D46DE8}") = "LIS", "LIS", "{2AAC4E1D-235A-4794-8D99-7E8EDCB384D2}"
EndProject
Project("{FAE04EC0-301F-11D3-BF4B-00C04F79EFBC}") = "PCS.LIS.ATT", "E:\ICT-NJ PROJECT\PCS.LIS.ATT\PCS.LIS.ATT.csproj", "{136AAF71-058A-4F4C-B733-C64489112237}"
EndProject
Project("{2150E333-8FDC-42A3-9474-1A3956D46DE8}") = "SECURITY", "SECURITY", "{6E41B38F-BCA9-4E3E-A1EE-562512EAD1F6}"
EndProject
Project("{FAE04EC0-301F-11D3-BF4B-00C04F79EFBC}") = "PCS.SECURITY.ATT", "..\PCS.SECURITY.ATT\PCS.SECURITY.ATT.csproj", "{ACB98799-4B66-4691-AF7B-E38B3C658F71}"
EndProject
Project("{FAE04EC0-301F-11D3-BF4B-00C04F79EFBC}") = "PCS.LIS.BLL", "..\PCS.LIS.BLL\PCS.LIS.BLL.csproj", "{C3EEBA92-641E-42B7-93E0-C89506F3E936}"
EndProject
Project("{FAE04EC0-301F-11D3-BF4B-00C04F79EFBC}") = "PCS.LIS.DLL", "..\PCS.LIS.DLL\PCS.LIS.DLL.csproj", "{74570BAD-4603-4526-927C-FE861666B5C7}"
EndProject
Project("{FAE04EC0-301F-11D3-BF4B-00C04F79EFBC}") = "PCS.SECURITY.BLL", "..\PCS.SECURITY.BLL\PCS.SECURITY.BLL.csproj", "{23D489EC-28D4-4F15-A245-F6C81CE29E7D}"
EndProject
Project("{FAE04EC0-301F-11D3-BF4B-00C04F79EFBC}") = "PCS.SECURITY.DLL", "..\PCS.SECURITY.DLL\PCS.SECURITY.DLL.csproj", "{1FD7DF73-DE1E-4D09-96AE-465826745A2A}"
EndProject
Project("{FAE04EC0-301F-11D3-BF4B-00C04F79EFBC}") = "PCS.FRAMEWORK", "..\PCS.FRAMEWORK\PCS.FRAMEWORK.csproj", "{A5C72A47-3024-4EEC-846F-5EB654070444}"
EndProject
Project("{2150E333-8FDC-42A3-9474-1A3956D46DE8}") = "COMMON", "COMMON", "{C0F1B4F1-2AC6-48B1-B8F7-4093FC1BF002}"
EndProject
Project("{FAE04EC0-301F-11D3-BF4B-00C04F79EFBC}") = "PCS.COREDL", "..\PCS.COREDL\PCS.COREDL.csproj", "{37FA5A90-0989-4979-ACA8-76039A12A7E1}"
EndProject
Project("{FAE04EC0-301F-11D3-BF4B-00C04F79EFBC}") = "PCS.COMMON.ATT", "..\PCS.COMMON.ATT\PCS.COMMON.ATT.csproj", "{D6FC9457-5874-4396-B58C-5E5485CCE0C4}"
EndProject
Project("{FAE04EC0-301F-11D3-BF4B-00C04F79EFBC}") = "PCS.COMMON.BLL", "..\PCS.COMMON.BLL\PCS.COMMON.BLL.csproj", "{72728912-EF1B-46C4-BDA1-7F1EEE063B15}"
EndProject
Project("{FAE04EC0-301F-11D3-BF4B-00C04F79EFBC}") = "PCS.COMMON.DLL", "..\PCS.COMMON.DLL\PCS.COMMON.DLL.csproj", "{7BBCABA9-5BDD-4DA6-8993-0C382D2E8102}"
EndProject
Project("{2150E333-8FDC-42A3-9474-1A3956D46DE8}") = "PMS", "PMS", "{C8164A70-F276-458F-A861-515239BF774C}"
EndProject
Project("{FAE04EC0-301F-11D3-BF4B-00C04F79EFBC}") = "PCS.PMS.ATT", "..\PCS.PMS.ATT\PCS.PMS.ATT.csproj", "{51BD4CB5-815A-476D-A9F9-7680EDB7DEF4}"
EndProject
Project("{FAE04EC0-301F-11D3-BF4B-00C04F79EFBC}") = "PCS.PMS.BLL", "..\PCS.PMS.BLL\PCS.PMS.BLL.csproj", "{3D014676-D28D-4B59-9110-9CF03B7AF1DF}"
EndProject
Project("{FAE04EC0-301F-11D3-BF4B-00C04F79EFBC}") = "PCS.PMS.DLL", "..\PCS.PMS.DLL\PCS.PMS.DLL.csproj", "{F2D8DB43-2A0E-46A4-9A17-960B5864C131}"
EndProject
Project("{2150E333-8FDC-42A3-9474-1A3956D46DE8}") = "DLPDS", "DLPDS", "{5C7816B5-7F85-44C3-8EB0-7EF92D32955E}"
EndProject
Project("{FAE04EC0-301F-11D3-BF4B-00C04F79EFBC}") = "PCS.DLPDS.ATT", "..\PCS.DLPDS.ATT\PCS.DLPDS.ATT.csproj", "{B4AD0294-C068-4FBF-A21F-E3E96BC15BE7}"
EndProject
Project("{FAE04EC0-301F-11D3-BF4B-00C04F79EFBC}") = "PCS.DLPDS.BLL", "..\PCS.DLPDS.BLL\PCS.DLPDS.BLL.csproj", "{E8FF4045-68B7-43EA-A4F7-DE996B462D9D}"
EndProject
Project("{FAE04EC0-301F-11D3-BF4B-00C04F79EFBC}") = "PCS.DLPDS.DLL", "..\PCS.DLPDS.DLL\PCS.DLPDS.DLL.csproj", "{345FD830-A937-457E-8A0E-4267DA453D38}"
EndProject
Project("{2150E333-8FDC-42A3-9474-1A3956D46DE8}") = "COREDL", "COREDL", "{CD3857F1-C5DF-4F53-B5EC-8B942EAAF314}"
EndProject
Project("{2150E333-8FDC-42A3-9474-1A3956D46DE8}") = "FRAMEWORK", "FRAMEWORK", "{0D8F08BF-F685-4C48-9956-2C8903EE2205}"
EndProject
Project("{2150E333-8FDC-42A3-9474-1A3956D46DE8}") = "REPORT", "REPORT", "{A89F4686-F5C6-44F8-B52D-A912B1D53839}"
EndProject
Project("{FAE04EC0-301F-11D3-BF4B-00C04F79EFBC}") = "PCS.REPORT", "..\PCS.REPORT\PCS.REPORT.csproj", "{141B1FAD-F1AE-4DA0-812D-B366719FC263}"
EndProject
Project("{2150E333-8FDC-42A3-9474-1A3956D46DE8}") = "CMS", "CMS", "{BDFF584B-B5E5-4043-B4B0-7148D1C2BC54}"
EndProject
Project("{FAE04EC0-301F-11D3-BF4B-00C04F79EFBC}") = "PCS.CMS.ATT", "..\PCS.CMS.ATT\PCS.CMS.ATT.csproj", "{57A6FD65-EB75-4D6D-A4A3-ECA4C78914AA}"
EndProject
Project("{FAE04EC0-301F-11D3-BF4B-00C04F79EFBC}") = "PCS.CMS.BLL", "..\PCS.CMS.BLL\PCS.CMS.BLL.csproj", "{2C118829-B692-40D7-AFEB-3242C04486F4}"
EndProject
Project("{FAE04EC0-301F-11D3-BF4B-00C04F79EFBC}") = "PCS.CMS.DLL", "..\PCS.CMS.DLL\PCS.CMS.DLL.csproj", "{3BE44C3B-9C05-4C88-A388-9F9F86B0679E}"
EndProject
Project("{2150E333-8FDC-42A3-9474-1A3956D46DE8}") = "LJMS", "LJMS", "{9AC918F6-53CD-4483-874F-D9C8AF94F4D2}"
EndProject
Project("{FAE04EC0-301F-11D3-BF4B-00C04F79EFBC}") = "PCS.LJMS.ATT", "..\PCS.LJMS.ATT\PCS.LJMS.ATT.csproj", "{8222A67D-35AF-429E-A703-D8E15055EBA9}"
EndProject
Project("{FAE04EC0-301F-11D3-BF4B-00C04F79EFBC}") = "PCS.LJMS.BLL", "..\PCS.LJMS.BLL\PCS.LJMS.BLL.csproj", "{BD4106B8-F1ED-4B3C-978E-B32608AFE023}"
EndProject
Project("{FAE04EC0-301F-11D3-BF4B-00C04F79EFBC}") = "PCS.LJMS.DLL", "..\PCS.LJMS.DLL\PCS.LJMS.DLL.csproj", "{1A922CA7-EA35-4B33-9433-897D9AB870F3}"
EndProject
Project("{2150E333-8FDC-42A3-9474-1A3956D46DE8}") = "OAS", "OAS", "{DD444C16-7685-4342-9123-E42B87BE98A0}"
EndProject
Project("{FAE04EC0-301F-11D3-BF4B-00C04F79EFBC}") = "PCS.OAS.ATT", "..\PCS.OAS.ATT\PCS.OAS.ATT.csproj", "{586564F8-1C13-4996-A494-0B9AC0C662FC}"
EndProject
Project("{FAE04EC0-301F-11D3-BF4B-00C04F79EFBC}") = "PCS.OAS.BLL", "..\PCS.OAS.BLL\PCS.OAS.BLL.csproj", "{C9E7A317-659D-4CEC-8950-2C576B8F361E}"
EndProject
Project("{FAE04EC0-301F-11D3-BF4B-00C04F79EFBC}") = "PCS.OAS.DLL", "..\PCS.OAS.DLL\PCS.OAS.DLL.csproj", "{D09863F1-8D5C-43CE-8854-892DEF2402BA}"
EndProject
Global
	GlobalSection(SolutionConfigurationPlatforms) = preSolution
		Debug|.NET = Debug|.NET
		Debug|Any CPU = Debug|Any CPU
		Debug|Mixed Platforms = Debug|Mixed Platforms
		Release|.NET = Release|.NET
		Release|Any CPU = Release|Any CPU
		Release|Mixed Platforms = Release|Mixed Platforms
	EndGlobalSection
	GlobalSection(ProjectConfigurationPlatforms) = postSolution
		{D3945C69-3B15-4DB0-A62F-AEFB62EFD438}.Debug|.NET.ActiveCfg = Debug|.NET
		{D3945C69-3B15-4DB0-A62F-AEFB62EFD438}.Debug|.NET.Build.0 = Debug|.NET
		{D3945C69-3B15-4DB0-A62F-AEFB62EFD438}.Debug|Any CPU.ActiveCfg = Debug|.NET
		{D3945C69-3B15-4DB0-A62F-AEFB62EFD438}.Debug|Mixed Platforms.ActiveCfg = Debug|.NET
		{D3945C69-3B15-4DB0-A62F-AEFB62EFD438}.Debug|Mixed Platforms.Build.0 = Debug|.NET
		{D3945C69-3B15-4DB0-A62F-AEFB62EFD438}.Release|.NET.ActiveCfg = Debug|.NET
		{D3945C69-3B15-4DB0-A62F-AEFB62EFD438}.Release|.NET.Build.0 = Debug|.NET
		{D3945C69-3B15-4DB0-A62F-AEFB62EFD438}.Release|Any CPU.ActiveCfg = Debug|.NET
		{D3945C69-3B15-4DB0-A62F-AEFB62EFD438}.Release|Mixed Platforms.ActiveCfg = Debug|.NET
		{D3945C69-3B15-4DB0-A62F-AEFB62EFD438}.Release|Mixed Platforms.Build.0 = Debug|.NET
		{136AAF71-058A-4F4C-B733-C64489112237}.Debug|.NET.ActiveCfg = Debug|Any CPU
		{136AAF71-058A-4F4C-B733-C64489112237}.Debug|Any CPU.ActiveCfg = Debug|Any CPU
		{136AAF71-058A-4F4C-B733-C64489112237}.Debug|Any CPU.Build.0 = Debug|Any CPU
		{136AAF71-058A-4F4C-B733-C64489112237}.Debug|Mixed Platforms.ActiveCfg = Debug|Any CPU
		{136AAF71-058A-4F4C-B733-C64489112237}.Debug|Mixed Platforms.Build.0 = Debug|Any CPU
		{136AAF71-058A-4F4C-B733-C64489112237}.Release|.NET.ActiveCfg = Release|Any CPU
		{136AAF71-058A-4F4C-B733-C64489112237}.Release|Any CPU.ActiveCfg = Release|Any CPU
		{136AAF71-058A-4F4C-B733-C64489112237}.Release|Any CPU.Build.0 = Release|Any CPU
		{136AAF71-058A-4F4C-B733-C64489112237}.Release|Mixed Platforms.ActiveCfg = Release|Any CPU
		{136AAF71-058A-4F4C-B733-C64489112237}.Release|Mixed Platforms.Build.0 = Release|Any CPU
		{ACB98799-4B66-4691-AF7B-E38B3C658F71}.Debug|.NET.ActiveCfg = Debug|Any CPU
		{ACB98799-4B66-4691-AF7B-E38B3C658F71}.Debug|Any CPU.ActiveCfg = Debug|Any CPU
		{ACB98799-4B66-4691-AF7B-E38B3C658F71}.Debug|Any CPU.Build.0 = Debug|Any CPU
		{ACB98799-4B66-4691-AF7B-E38B3C658F71}.Debug|Mixed Platforms.ActiveCfg = Debug|Any CPU
		{ACB98799-4B66-4691-AF7B-E38B3C658F71}.Debug|Mixed Platforms.Build.0 = Debug|Any CPU
		{ACB98799-4B66-4691-AF7B-E38B3C658F71}.Release|.NET.ActiveCfg = Release|Any CPU
		{ACB98799-4B66-4691-AF7B-E38B3C658F71}.Release|Any CPU.ActiveCfg = Release|Any CPU
		{ACB98799-4B66-4691-AF7B-E38B3C658F71}.Release|Any CPU.Build.0 = Release|Any CPU
		{ACB98799-4B66-4691-AF7B-E38B3C658F71}.Release|Mixed Platforms.ActiveCfg = Release|Any CPU
		{ACB98799-4B66-4691-AF7B-E38B3C658F71}.Release|Mixed Platforms.Build.0 = Release|Any CPU
		{C3EEBA92-641E-42B7-93E0-C89506F3E936}.Debug|.NET.ActiveCfg = Debug|Any CPU
		{C3EEBA92-641E-42B7-93E0-C89506F3E936}.Debug|Any CPU.ActiveCfg = Debug|Any CPU
		{C3EEBA92-641E-42B7-93E0-C89506F3E936}.Debug|Any CPU.Build.0 = Debug|Any CPU
		{C3EEBA92-641E-42B7-93E0-C89506F3E936}.Debug|Mixed Platforms.ActiveCfg = Debug|Any CPU
		{C3EEBA92-641E-42B7-93E0-C89506F3E936}.Debug|Mixed Platforms.Build.0 = Debug|Any CPU
		{C3EEBA92-641E-42B7-93E0-C89506F3E936}.Release|.NET.ActiveCfg = Release|Any CPU
		{C3EEBA92-641E-42B7-93E0-C89506F3E936}.Release|Any CPU.ActiveCfg = Release|Any CPU
		{C3EEBA92-641E-42B7-93E0-C89506F3E936}.Release|Any CPU.Build.0 = Release|Any CPU
		{C3EEBA92-641E-42B7-93E0-C89506F3E936}.Release|Mixed Platforms.ActiveCfg = Release|Any CPU
		{C3EEBA92-641E-42B7-93E0-C89506F3E936}.Release|Mixed Platforms.Build.0 = Release|Any CPU
		{74570BAD-4603-4526-927C-FE861666B5C7}.Debug|.NET.ActiveCfg = Debug|Any CPU
		{74570BAD-4603-4526-927C-FE861666B5C7}.Debug|Any CPU.ActiveCfg = Debug|Any CPU
		{74570BAD-4603-4526-927C-FE861666B5C7}.Debug|Any CPU.Build.0 = Debug|Any CPU
		{74570BAD-4603-4526-927C-FE861666B5C7}.Debug|Mixed Platforms.ActiveCfg = Debug|Any CPU
		{74570BAD-4603-4526-927C-FE861666B5C7}.Debug|Mixed Platforms.Build.0 = Debug|Any CPU
		{74570BAD-4603-4526-927C-FE861666B5C7}.Release|.NET.ActiveCfg = Release|Any CPU
		{74570BAD-4603-4526-927C-FE861666B5C7}.Release|Any CPU.ActiveCfg = Release|Any CPU
		{74570BAD-4603-4526-927C-FE861666B5C7}.Release|Any CPU.Build.0 = Release|Any CPU
		{74570BAD-4603-4526-927C-FE861666B5C7}.Release|Mixed Platforms.ActiveCfg = Release|Any CPU
		{74570BAD-4603-4526-927C-FE861666B5C7}.Release|Mixed Platforms.Build.0 = Release|Any CPU
		{23D489EC-28D4-4F15-A245-F6C81CE29E7D}.Debug|.NET.ActiveCfg = Debug|Any CPU
		{23D489EC-28D4-4F15-A245-F6C81CE29E7D}.Debug|Any CPU.ActiveCfg = Debug|Any CPU
		{23D489EC-28D4-4F15-A245-F6C81CE29E7D}.Debug|Any CPU.Build.0 = Debug|Any CPU
		{23D489EC-28D4-4F15-A245-F6C81CE29E7D}.Debug|Mixed Platforms.ActiveCfg = Debug|Any CPU
		{23D489EC-28D4-4F15-A245-F6C81CE29E7D}.Debug|Mixed Platforms.Build.0 = Debug|Any CPU
		{23D489EC-28D4-4F15-A245-F6C81CE29E7D}.Release|.NET.ActiveCfg = Release|Any CPU
		{23D489EC-28D4-4F15-A245-F6C81CE29E7D}.Release|Any CPU.ActiveCfg = Release|Any CPU
		{23D489EC-28D4-4F15-A245-F6C81CE29E7D}.Release|Any CPU.Build.0 = Release|Any CPU
		{23D489EC-28D4-4F15-A245-F6C81CE29E7D}.Release|Mixed Platforms.ActiveCfg = Release|Any CPU
		{23D489EC-28D4-4F15-A245-F6C81CE29E7D}.Release|Mixed Platforms.Build.0 = Release|Any CPU
		{1FD7DF73-DE1E-4D09-96AE-465826745A2A}.Debug|.NET.ActiveCfg = Debug|Any CPU
		{1FD7DF73-DE1E-4D09-96AE-465826745A2A}.Debug|Any CPU.ActiveCfg = Debug|Any CPU
		{1FD7DF73-DE1E-4D09-96AE-465826745A2A}.Debug|Any CPU.Build.0 = Debug|Any CPU
		{1FD7DF73-DE1E-4D09-96AE-465826745A2A}.Debug|Mixed Platforms.ActiveCfg = Debug|Any CPU
		{1FD7DF73-DE1E-4D09-96AE-465826745A2A}.Debug|Mixed Platforms.Build.0 = Debug|Any CPU
		{1FD7DF73-DE1E-4D09-96AE-465826745A2A}.Release|.NET.ActiveCfg = Release|Any CPU
		{1FD7DF73-DE1E-4D09-96AE-465826745A2A}.Release|Any CPU.ActiveCfg = Release|Any CPU
		{1FD7DF73-DE1E-4D09-96AE-465826745A2A}.Release|Any CPU.Build.0 = Release|Any CPU
		{1FD7DF73-DE1E-4D09-96AE-465826745A2A}.Release|Mixed Platforms.ActiveCfg = Release|Any CPU
		{1FD7DF73-DE1E-4D09-96AE-465826745A2A}.Release|Mixed Platforms.Build.0 = Release|Any CPU
		{A5C72A47-3024-4EEC-846F-5EB654070444}.Debug|.NET.ActiveCfg = Debug|Any CPU
		{A5C72A47-3024-4EEC-846F-5EB654070444}.Debug|Any CPU.ActiveCfg = Debug|Any CPU
		{A5C72A47-3024-4EEC-846F-5EB654070444}.Debug|Any CPU.Build.0 = Debug|Any CPU
		{A5C72A47-3024-4EEC-846F-5EB654070444}.Debug|Mixed Platforms.ActiveCfg = Debug|Any CPU
		{A5C72A47-3024-4EEC-846F-5EB654070444}.Debug|Mixed Platforms.Build.0 = Debug|Any CPU
		{A5C72A47-3024-4EEC-846F-5EB654070444}.Release|.NET.ActiveCfg = Release|Any CPU
		{A5C72A47-3024-4EEC-846F-5EB654070444}.Release|Any CPU.ActiveCfg = Release|Any CPU
		{A5C72A47-3024-4EEC-846F-5EB654070444}.Release|Any CPU.Build.0 = Release|Any CPU
		{A5C72A47-3024-4EEC-846F-5EB654070444}.Release|Mixed Platforms.ActiveCfg = Release|Any CPU
		{A5C72A47-3024-4EEC-846F-5EB654070444}.Release|Mixed Platforms.Build.0 = Release|Any CPU
		{37FA5A90-0989-4979-ACA8-76039A12A7E1}.Debug|.NET.ActiveCfg = Debug|Any CPU
		{37FA5A90-0989-4979-ACA8-76039A12A7E1}.Debug|Any CPU.ActiveCfg = Debug|Any CPU
		{37FA5A90-0989-4979-ACA8-76039A12A7E1}.Debug|Any CPU.Build.0 = Debug|Any CPU
		{37FA5A90-0989-4979-ACA8-76039A12A7E1}.Debug|Mixed Platforms.ActiveCfg = Debug|Any CPU
		{37FA5A90-0989-4979-ACA8-76039A12A7E1}.Debug|Mixed Platforms.Build.0 = Debug|Any CPU
		{37FA5A90-0989-4979-ACA8-76039A12A7E1}.Release|.NET.ActiveCfg = Release|Any CPU
		{37FA5A90-0989-4979-ACA8-76039A12A7E1}.Release|Any CPU.ActiveCfg = Release|Any CPU
		{37FA5A90-0989-4979-ACA8-76039A12A7E1}.Release|Any CPU.Build.0 = Release|Any CPU
		{37FA5A90-0989-4979-ACA8-76039A12A7E1}.Release|Mixed Platforms.ActiveCfg = Release|Any CPU
		{37FA5A90-0989-4979-ACA8-76039A12A7E1}.Release|Mixed Platforms.Build.0 = Release|Any CPU
		{D6FC9457-5874-4396-B58C-5E5485CCE0C4}.Debug|.NET.ActiveCfg = Debug|Any CPU
		{D6FC9457-5874-4396-B58C-5E5485CCE0C4}.Debug|Any CPU.ActiveCfg = Debug|Any CPU
		{D6FC9457-5874-4396-B58C-5E5485CCE0C4}.Debug|Any CPU.Build.0 = Debug|Any CPU
		{D6FC9457-5874-4396-B58C-5E5485CCE0C4}.Debug|Mixed Platforms.ActiveCfg = Debug|Any CPU
		{D6FC9457-5874-4396-B58C-5E5485CCE0C4}.Debug|Mixed Platforms.Build.0 = Debug|Any CPU
		{D6FC9457-5874-4396-B58C-5E5485CCE0C4}.Release|.NET.ActiveCfg = Release|Any CPU
		{D6FC9457-5874-4396-B58C-5E5485CCE0C4}.Release|Any CPU.ActiveCfg = Release|Any CPU
		{D6FC9457-5874-4396-B58C-5E5485CCE0C4}.Release|Any CPU.Build.0 = Release|Any CPU
		{D6FC9457-5874-4396-B58C-5E5485CCE0C4}.Release|Mixed Platforms.ActiveCfg = Release|Any CPU
		{D6FC9457-5874-4396-B58C-5E5485CCE0C4}.Release|Mixed Platforms.Build.0 = Release|Any CPU
		{72728912-EF1B-46C4-BDA1-7F1EEE063B15}.Debug|.NET.ActiveCfg = Debug|Any CPU
		{72728912-EF1B-46C4-BDA1-7F1EEE063B15}.Debug|Any CPU.ActiveCfg = Debug|Any CPU
		{72728912-EF1B-46C4-BDA1-7F1EEE063B15}.Debug|Any CPU.Build.0 = Debug|Any CPU
		{72728912-EF1B-46C4-BDA1-7F1EEE063B15}.Debug|Mixed Platforms.ActiveCfg = Debug|Any CPU
		{72728912-EF1B-46C4-BDA1-7F1EEE063B15}.Debug|Mixed Platforms.Build.0 = Debug|Any CPU
		{72728912-EF1B-46C4-BDA1-7F1EEE063B15}.Release|.NET.ActiveCfg = Release|Any CPU
		{72728912-EF1B-46C4-BDA1-7F1EEE063B15}.Release|Any CPU.ActiveCfg = Release|Any CPU
		{72728912-EF1B-46C4-BDA1-7F1EEE063B15}.Release|Any CPU.Build.0 = Release|Any CPU
		{72728912-EF1B-46C4-BDA1-7F1EEE063B15}.Release|Mixed Platforms.ActiveCfg = Release|Any CPU
		{72728912-EF1B-46C4-BDA1-7F1EEE063B15}.Release|Mixed Platforms.Build.0 = Release|Any CPU
		{7BBCABA9-5BDD-4DA6-8993-0C382D2E8102}.Debug|.NET.ActiveCfg = Debug|Any CPU
		{7BBCABA9-5BDD-4DA6-8993-0C382D2E8102}.Debug|Any CPU.ActiveCfg = Debug|Any CPU
		{7BBCABA9-5BDD-4DA6-8993-0C382D2E8102}.Debug|Any CPU.Build.0 = Debug|Any CPU
		{7BBCABA9-5BDD-4DA6-8993-0C382D2E8102}.Debug|Mixed Platforms.ActiveCfg = Debug|Any CPU
		{7BBCABA9-5BDD-4DA6-8993-0C382D2E8102}.Debug|Mixed Platforms.Build.0 = Debug|Any CPU
		{7BBCABA9-5BDD-4DA6-8993-0C382D2E8102}.Release|.NET.ActiveCfg = Release|Any CPU
		{7BBCABA9-5BDD-4DA6-8993-0C382D2E8102}.Release|Any CPU.ActiveCfg = Release|Any CPU
		{7BBCABA9-5BDD-4DA6-8993-0C382D2E8102}.Release|Any CPU.Build.0 = Release|Any CPU
		{7BBCABA9-5BDD-4DA6-8993-0C382D2E8102}.Release|Mixed Platforms.ActiveCfg = Release|Any CPU
		{7BBCABA9-5BDD-4DA6-8993-0C382D2E8102}.Release|Mixed Platforms.Build.0 = Release|Any CPU
		{51BD4CB5-815A-476D-A9F9-7680EDB7DEF4}.Debug|.NET.ActiveCfg = Debug|Any CPU
		{51BD4CB5-815A-476D-A9F9-7680EDB7DEF4}.Debug|Any CPU.ActiveCfg = Debug|Any CPU
		{51BD4CB5-815A-476D-A9F9-7680EDB7DEF4}.Debug|Any CPU.Build.0 = Debug|Any CPU
		{51BD4CB5-815A-476D-A9F9-7680EDB7DEF4}.Debug|Mixed Platforms.ActiveCfg = Debug|Any CPU
		{51BD4CB5-815A-476D-A9F9-7680EDB7DEF4}.Debug|Mixed Platforms.Build.0 = Debug|Any CPU
		{51BD4CB5-815A-476D-A9F9-7680EDB7DEF4}.Release|.NET.ActiveCfg = Release|Any CPU
		{51BD4CB5-815A-476D-A9F9-7680EDB7DEF4}.Release|Any CPU.ActiveCfg = Release|Any CPU
		{51BD4CB5-815A-476D-A9F9-7680EDB7DEF4}.Release|Any CPU.Build.0 = Release|Any CPU
		{51BD4CB5-815A-476D-A9F9-7680EDB7DEF4}.Release|Mixed Platforms.ActiveCfg = Release|Any CPU
		{51BD4CB5-815A-476D-A9F9-7680EDB7DEF4}.Release|Mixed Platforms.Build.0 = Release|Any CPU
		{3D014676-D28D-4B59-9110-9CF03B7AF1DF}.Debug|.NET.ActiveCfg = Debug|Any CPU
		{3D014676-D28D-4B59-9110-9CF03B7AF1DF}.Debug|Any CPU.ActiveCfg = Debug|Any CPU
		{3D014676-D28D-4B59-9110-9CF03B7AF1DF}.Debug|Any CPU.Build.0 = Debug|Any CPU
		{3D014676-D28D-4B59-9110-9CF03B7AF1DF}.Debug|Mixed Platforms.ActiveCfg = Debug|Any CPU
		{3D014676-D28D-4B59-9110-9CF03B7AF1DF}.Debug|Mixed Platforms.Build.0 = Debug|Any CPU
		{3D014676-D28D-4B59-9110-9CF03B7AF1DF}.Release|.NET.ActiveCfg = Release|Any CPU
		{3D014676-D28D-4B59-9110-9CF03B7AF1DF}.Release|Any CPU.ActiveCfg = Release|Any CPU
		{3D014676-D28D-4B59-9110-9CF03B7AF1DF}.Release|Any CPU.Build.0 = Release|Any CPU
		{3D014676-D28D-4B59-9110-9CF03B7AF1DF}.Release|Mixed Platforms.ActiveCfg = Release|Any CPU
		{3D014676-D28D-4B59-9110-9CF03B7AF1DF}.Release|Mixed Platforms.Build.0 = Release|Any CPU
		{F2D8DB43-2A0E-46A4-9A17-960B5864C131}.Debug|.NET.ActiveCfg = Debug|Any CPU
		{F2D8DB43-2A0E-46A4-9A17-960B5864C131}.Debug|Any CPU.ActiveCfg = Debug|Any CPU
		{F2D8DB43-2A0E-46A4-9A17-960B5864C131}.Debug|Any CPU.Build.0 = Debug|Any CPU
		{F2D8DB43-2A0E-46A4-9A17-960B5864C131}.Debug|Mixed Platforms.ActiveCfg = Debug|Any CPU
		{F2D8DB43-2A0E-46A4-9A17-960B5864C131}.Debug|Mixed Platforms.Build.0 = Debug|Any CPU
		{F2D8DB43-2A0E-46A4-9A17-960B5864C131}.Release|.NET.ActiveCfg = Release|Any CPU
		{F2D8DB43-2A0E-46A4-9A17-960B5864C131}.Release|Any CPU.ActiveCfg = Release|Any CPU
		{F2D8DB43-2A0E-46A4-9A17-960B5864C131}.Release|Any CPU.Build.0 = Release|Any CPU
		{F2D8DB43-2A0E-46A4-9A17-960B5864C131}.Release|Mixed Platforms.ActiveCfg = Release|Any CPU
		{F2D8DB43-2A0E-46A4-9A17-960B5864C131}.Release|Mixed Platforms.Build.0 = Release|Any CPU
		{B4AD0294-C068-4FBF-A21F-E3E96BC15BE7}.Debug|.NET.ActiveCfg = Debug|Any CPU
		{B4AD0294-C068-4FBF-A21F-E3E96BC15BE7}.Debug|Any CPU.ActiveCfg = Debug|Any CPU
		{B4AD0294-C068-4FBF-A21F-E3E96BC15BE7}.Debug|Any CPU.Build.0 = Debug|Any CPU
		{B4AD0294-C068-4FBF-A21F-E3E96BC15BE7}.Debug|Mixed Platforms.ActiveCfg = Debug|Any CPU
		{B4AD0294-C068-4FBF-A21F-E3E96BC15BE7}.Debug|Mixed Platforms.Build.0 = Debug|Any CPU
		{B4AD0294-C068-4FBF-A21F-E3E96BC15BE7}.Release|.NET.ActiveCfg = Release|Any CPU
		{B4AD0294-C068-4FBF-A21F-E3E96BC15BE7}.Release|Any CPU.ActiveCfg = Release|Any CPU
		{B4AD0294-C068-4FBF-A21F-E3E96BC15BE7}.Release|Any CPU.Build.0 = Release|Any CPU
		{B4AD0294-C068-4FBF-A21F-E3E96BC15BE7}.Release|Mixed Platforms.ActiveCfg = Release|Any CPU
		{B4AD0294-C068-4FBF-A21F-E3E96BC15BE7}.Release|Mixed Platforms.Build.0 = Release|Any CPU
		{E8FF4045-68B7-43EA-A4F7-DE996B462D9D}.Debug|.NET.ActiveCfg = Debug|Any CPU
		{E8FF4045-68B7-43EA-A4F7-DE996B462D9D}.Debug|Any CPU.ActiveCfg = Debug|Any CPU
		{E8FF4045-68B7-43EA-A4F7-DE996B462D9D}.Debug|Any CPU.Build.0 = Debug|Any CPU
		{E8FF4045-68B7-43EA-A4F7-DE996B462D9D}.Debug|Mixed Platforms.ActiveCfg = Debug|Any CPU
		{E8FF4045-68B7-43EA-A4F7-DE996B462D9D}.Debug|Mixed Platforms.Build.0 = Debug|Any CPU
		{E8FF4045-68B7-43EA-A4F7-DE996B462D9D}.Release|.NET.ActiveCfg = Release|Any CPU
		{E8FF4045-68B7-43EA-A4F7-DE996B462D9D}.Release|Any CPU.ActiveCfg = Release|Any CPU
		{E8FF4045-68B7-43EA-A4F7-DE996B462D9D}.Release|Any CPU.Build.0 = Release|Any CPU
		{E8FF4045-68B7-43EA-A4F7-DE996B462D9D}.Release|Mixed Platforms.ActiveCfg = Release|Any CPU
		{E8FF4045-68B7-43EA-A4F7-DE996B462D9D}.Release|Mixed Platforms.Build.0 = Release|Any CPU
		{345FD830-A937-457E-8A0E-4267DA453D38}.Debug|.NET.ActiveCfg = Debug|Any CPU
		{345FD830-A937-457E-8A0E-4267DA453D38}.Debug|Any CPU.ActiveCfg = Debug|Any CPU
		{345FD830-A937-457E-8A0E-4267DA453D38}.Debug|Any CPU.Build.0 = Debug|Any CPU
		{345FD830-A937-457E-8A0E-4267DA453D38}.Debug|Mixed Platforms.ActiveCfg = Debug|Any CPU
		{345FD830-A937-457E-8A0E-4267DA453D38}.Debug|Mixed Platforms.Build.0 = Debug|Any CPU
		{345FD830-A937-457E-8A0E-4267DA453D38}.Release|.NET.ActiveCfg = Release|Any CPU
		{345FD830-A937-457E-8A0E-4267DA453D38}.Release|Any CPU.ActiveCfg = Release|Any CPU
		{345FD830-A937-457E-8A0E-4267DA453D38}.Release|Any CPU.Build.0 = Release|Any CPU
		{345FD830-A937-457E-8A0E-4267DA453D38}.Release|Mixed Platforms.ActiveCfg = Release|Any CPU
		{345FD830-A937-457E-8A0E-4267DA453D38}.Release|Mixed Platforms.Build.0 = Release|Any CPU
		{141B1FAD-F1AE-4DA0-812D-B366719FC263}.Debug|.NET.ActiveCfg = Debug|Any CPU
		{141B1FAD-F1AE-4DA0-812D-B366719FC263}.Debug|Any CPU.ActiveCfg = Debug|Any CPU
		{141B1FAD-F1AE-4DA0-812D-B366719FC263}.Debug|Any CPU.Build.0 = Debug|Any CPU
		{141B1FAD-F1AE-4DA0-812D-B366719FC263}.Debug|Mixed Platforms.ActiveCfg = Debug|Any CPU
		{141B1FAD-F1AE-4DA0-812D-B366719FC263}.Debug|Mixed Platforms.Build.0 = Debug|Any CPU
		{141B1FAD-F1AE-4DA0-812D-B366719FC263}.Release|.NET.ActiveCfg = Release|Any CPU
		{141B1FAD-F1AE-4DA0-812D-B366719FC263}.Release|Any CPU.ActiveCfg = Release|Any CPU
		{141B1FAD-F1AE-4DA0-812D-B366719FC263}.Release|Any CPU.Build.0 = Release|Any CPU
		{141B1FAD-F1AE-4DA0-812D-B366719FC263}.Release|Mixed Platforms.ActiveCfg = Release|Any CPU
		{141B1FAD-F1AE-4DA0-812D-B366719FC263}.Release|Mixed Platforms.Build.0 = Release|Any CPU
		{57A6FD65-EB75-4D6D-A4A3-ECA4C78914AA}.Debug|.NET.ActiveCfg = Debug|Any CPU
		{57A6FD65-EB75-4D6D-A4A3-ECA4C78914AA}.Debug|Any CPU.ActiveCfg = Debug|Any CPU
		{57A6FD65-EB75-4D6D-A4A3-ECA4C78914AA}.Debug|Any CPU.Build.0 = Debug|Any CPU
		{57A6FD65-EB75-4D6D-A4A3-ECA4C78914AA}.Debug|Mixed Platforms.ActiveCfg = Debug|Any CPU
		{57A6FD65-EB75-4D6D-A4A3-ECA4C78914AA}.Debug|Mixed Platforms.Build.0 = Debug|Any CPU
		{57A6FD65-EB75-4D6D-A4A3-ECA4C78914AA}.Release|.NET.ActiveCfg = Release|Any CPU
		{57A6FD65-EB75-4D6D-A4A3-ECA4C78914AA}.Release|Any CPU.ActiveCfg = Release|Any CPU
		{57A6FD65-EB75-4D6D-A4A3-ECA4C78914AA}.Release|Any CPU.Build.0 = Release|Any CPU
		{57A6FD65-EB75-4D6D-A4A3-ECA4C78914AA}.Release|Mixed Platforms.ActiveCfg = Release|Any CPU
		{57A6FD65-EB75-4D6D-A4A3-ECA4C78914AA}.Release|Mixed Platforms.Build.0 = Release|Any CPU
		{2C118829-B692-40D7-AFEB-3242C04486F4}.Debug|.NET.ActiveCfg = Debug|Any CPU
		{2C118829-B692-40D7-AFEB-3242C04486F4}.Debug|Any CPU.ActiveCfg = Debug|Any CPU
		{2C118829-B692-40D7-AFEB-3242C04486F4}.Debug|Any CPU.Build.0 = Debug|Any CPU
		{2C118829-B692-40D7-AFEB-3242C04486F4}.Debug|Mixed Platforms.ActiveCfg = Debug|Any CPU
		{2C118829-B692-40D7-AFEB-3242C04486F4}.Debug|Mixed Platforms.Build.0 = Debug|Any CPU
		{2C118829-B692-40D7-AFEB-3242C04486F4}.Release|.NET.ActiveCfg = Release|Any CPU
		{2C118829-B692-40D7-AFEB-3242C04486F4}.Release|Any CPU.ActiveCfg = Release|Any CPU
		{2C118829-B692-40D7-AFEB-3242C04486F4}.Release|Any CPU.Build.0 = Release|Any CPU
		{2C118829-B692-40D7-AFEB-3242C04486F4}.Release|Mixed Platforms.ActiveCfg = Release|Any CPU
		{2C118829-B692-40D7-AFEB-3242C04486F4}.Release|Mixed Platforms.Build.0 = Release|Any CPU
		{3BE44C3B-9C05-4C88-A388-9F9F86B0679E}.Debug|.NET.ActiveCfg = Debug|Any CPU
		{3BE44C3B-9C05-4C88-A388-9F9F86B0679E}.Debug|Any CPU.ActiveCfg = Debug|Any CPU
		{3BE44C3B-9C05-4C88-A388-9F9F86B0679E}.Debug|Any CPU.Build.0 = Debug|Any CPU
		{3BE44C3B-9C05-4C88-A388-9F9F86B0679E}.Debug|Mixed Platforms.ActiveCfg = Debug|Any CPU
		{3BE44C3B-9C05-4C88-A388-9F9F86B0679E}.Debug|Mixed Platforms.Build.0 = Debug|Any CPU
		{3BE44C3B-9C05-4C88-A388-9F9F86B0679E}.Release|.NET.ActiveCfg = Release|Any CPU
		{3BE44C3B-9C05-4C88-A388-9F9F86B0679E}.Release|Any CPU.ActiveCfg = Release|Any CPU
		{3BE44C3B-9C05-4C88-A388-9F9F86B0679E}.Release|Any CPU.Build.0 = Release|Any CPU
		{3BE44C3B-9C05-4C88-A388-9F9F86B0679E}.Release|Mixed Platforms.ActiveCfg = Release|Any CPU
		{3BE44C3B-9C05-4C88-A388-9F9F86B0679E}.Release|Mixed Platforms.Build.0 = Release|Any CPU
		{8222A67D-35AF-429E-A703-D8E15055EBA9}.Debug|.NET.ActiveCfg = Debug|Any CPU
		{8222A67D-35AF-429E-A703-D8E15055EBA9}.Debug|Any CPU.ActiveCfg = Debug|Any CPU
		{8222A67D-35AF-429E-A703-D8E15055EBA9}.Debug|Any CPU.Build.0 = Debug|Any CPU
		{8222A67D-35AF-429E-A703-D8E15055EBA9}.Debug|Mixed Platforms.ActiveCfg = Debug|Any CPU
		{8222A67D-35AF-429E-A703-D8E15055EBA9}.Debug|Mixed Platforms.Build.0 = Debug|Any CPU
		{8222A67D-35AF-429E-A703-D8E15055EBA9}.Release|.NET.ActiveCfg = Release|Any CPU
		{8222A67D-35AF-429E-A703-D8E15055EBA9}.Release|Any CPU.ActiveCfg = Release|Any CPU
		{8222A67D-35AF-429E-A703-D8E15055EBA9}.Release|Any CPU.Build.0 = Release|Any CPU
		{8222A67D-35AF-429E-A703-D8E15055EBA9}.Release|Mixed Platforms.ActiveCfg = Release|Any CPU
		{8222A67D-35AF-429E-A703-D8E15055EBA9}.Release|Mixed Platforms.Build.0 = Release|Any CPU
		{BD4106B8-F1ED-4B3C-978E-B32608AFE023}.Debug|.NET.ActiveCfg = Debug|Any CPU
		{BD4106B8-F1ED-4B3C-978E-B32608AFE023}.Debug|Any CPU.ActiveCfg = Debug|Any CPU
		{BD4106B8-F1ED-4B3C-978E-B32608AFE023}.Debug|Any CPU.Build.0 = Debug|Any CPU
		{BD4106B8-F1ED-4B3C-978E-B32608AFE023}.Debug|Mixed Platforms.ActiveCfg = Debug|Any CPU
		{BD4106B8-F1ED-4B3C-978E-B32608AFE023}.Debug|Mixed Platforms.Build.0 = Debug|Any CPU
		{BD4106B8-F1ED-4B3C-978E-B32608AFE023}.Release|.NET.ActiveCfg = Release|Any CPU
		{BD4106B8-F1ED-4B3C-978E-B32608AFE023}.Release|Any CPU.ActiveCfg = Release|Any CPU
		{BD4106B8-F1ED-4B3C-978E-B32608AFE023}.Release|Any CPU.Build.0 = Release|Any CPU
		{BD4106B8-F1ED-4B3C-978E-B32608AFE023}.Release|Mixed Platforms.ActiveCfg = Release|Any CPU
		{BD4106B8-F1ED-4B3C-978E-B32608AFE023}.Release|Mixed Platforms.Build.0 = Release|Any CPU
		{1A922CA7-EA35-4B33-9433-897D9AB870F3}.Debug|.NET.ActiveCfg = Debug|Any CPU
		{1A922CA7-EA35-4B33-9433-897D9AB870F3}.Debug|Any CPU.ActiveCfg = Debug|Any CPU
		{1A922CA7-EA35-4B33-9433-897D9AB870F3}.Debug|Any CPU.Build.0 = Debug|Any CPU
		{1A922CA7-EA35-4B33-9433-897D9AB870F3}.Debug|Mixed Platforms.ActiveCfg = Debug|Any CPU
		{1A922CA7-EA35-4B33-9433-897D9AB870F3}.Debug|Mixed Platforms.Build.0 = Debug|Any CPU
		{1A922CA7-EA35-4B33-9433-897D9AB870F3}.Release|.NET.ActiveCfg = Release|Any CPU
		{1A922CA7-EA35-4B33-9433-897D9AB870F3}.Release|Any CPU.ActiveCfg = Release|Any CPU
		{1A922CA7-EA35-4B33-9433-897D9AB870F3}.Release|Any CPU.Build.0 = Release|Any CPU
		{1A922CA7-EA35-4B33-9433-897D9AB870F3}.Release|Mixed Platforms.ActiveCfg = Release|Any CPU
		{1A922CA7-EA35-4B33-9433-897D9AB870F3}.Release|Mixed Platforms.Build.0 = Release|Any CPU
		{586564F8-1C13-4996-A494-0B9AC0C662FC}.Debug|.NET.ActiveCfg = Debug|Any CPU
		{586564F8-1C13-4996-A494-0B9AC0C662FC}.Debug|Any CPU.ActiveCfg = Debug|Any CPU
		{586564F8-1C13-4996-A494-0B9AC0C662FC}.Debug|Any CPU.Build.0 = Debug|Any CPU
		{586564F8-1C13-4996-A494-0B9AC0C662FC}.Debug|Mixed Platforms.ActiveCfg = Debug|Any CPU
		{586564F8-1C13-4996-A494-0B9AC0C662FC}.Debug|Mixed Platforms.Build.0 = Debug|Any CPU
		{586564F8-1C13-4996-A494-0B9AC0C662FC}.Release|.NET.ActiveCfg = Release|Any CPU
		{586564F8-1C13-4996-A494-0B9AC0C662FC}.Release|Any CPU.ActiveCfg = Release|Any CPU
		{586564F8-1C13-4996-A494-0B9AC0C662FC}.Release|Any CPU.Build.0 = Release|Any CPU
		{586564F8-1C13-4996-A494-0B9AC0C662FC}.Release|Mixed Platforms.ActiveCfg = Release|Any CPU
		{586564F8-1C13-4996-A494-0B9AC0C662FC}.Release|Mixed Platforms.Build.0 = Release|Any CPU
		{C9E7A317-659D-4CEC-8950-2C576B8F361E}.Debug|.NET.ActiveCfg = Debug|Any CPU
		{C9E7A317-659D-4CEC-8950-2C576B8F361E}.Debug|Any CPU.ActiveCfg = Debug|Any CPU
		{C9E7A317-659D-4CEC-8950-2C576B8F361E}.Debug|Any CPU.Build.0 = Debug|Any CPU
		{C9E7A317-659D-4CEC-8950-2C576B8F361E}.Debug|Mixed Platforms.ActiveCfg = Debug|Any CPU
		{C9E7A317-659D-4CEC-8950-2C576B8F361E}.Debug|Mixed Platforms.Build.0 = Debug|Any CPU
		{C9E7A317-659D-4CEC-8950-2C576B8F361E}.Release|.NET.ActiveCfg = Release|Any CPU
		{C9E7A317-659D-4CEC-8950-2C576B8F361E}.Release|Any CPU.ActiveCfg = Release|Any CPU
		{C9E7A317-659D-4CEC-8950-2C576B8F361E}.Release|Any CPU.Build.0 = Release|Any CPU
		{C9E7A317-659D-4CEC-8950-2C576B8F361E}.Release|Mixed Platforms.ActiveCfg = Release|Any CPU
		{C9E7A317-659D-4CEC-8950-2C576B8F361E}.Release|Mixed Platforms.Build.0 = Release|Any CPU
		{D09863F1-8D5C-43CE-8854-892DEF2402BA}.Debug|.NET.ActiveCfg = Debug|Any CPU
		{D09863F1-8D5C-43CE-8854-892DEF2402BA}.Debug|Any CPU.ActiveCfg = Debug|Any CPU
		{D09863F1-8D5C-43CE-8854-892DEF2402BA}.Debug|Any CPU.Build.0 = Debug|Any CPU
		{D09863F1-8D5C-43CE-8854-892DEF2402BA}.Debug|Mixed Platforms.ActiveCfg = Debug|Any CPU
		{D09863F1-8D5C-43CE-8854-892DEF2402BA}.Debug|Mixed Platforms.Build.0 = Debug|Any CPU
		{D09863F1-8D5C-43CE-8854-892DEF2402BA}.Release|.NET.ActiveCfg = Release|Any CPU
		{D09863F1-8D5C-43CE-8854-892DEF2402BA}.Release|Any CPU.ActiveCfg = Release|Any CPU
		{D09863F1-8D5C-43CE-8854-892DEF2402BA}.Release|Any CPU.Build.0 = Release|Any CPU
		{D09863F1-8D5C-43CE-8854-892DEF2402BA}.Release|Mixed Platforms.ActiveCfg = Release|Any CPU
		{D09863F1-8D5C-43CE-8854-892DEF2402BA}.Release|Mixed Platforms.Build.0 = Release|Any CPU
	EndGlobalSection
	GlobalSection(SolutionProperties) = preSolution
		HideSolutionNode = FALSE
	EndGlobalSection
	GlobalSection(NestedProjects) = preSolution
		{136AAF71-058A-4F4C-B733-C64489112237} = {2AAC4E1D-235A-4794-8D99-7E8EDCB384D2}
		{C3EEBA92-641E-42B7-93E0-C89506F3E936} = {2AAC4E1D-235A-4794-8D99-7E8EDCB384D2}
		{74570BAD-4603-4526-927C-FE861666B5C7} = {2AAC4E1D-235A-4794-8D99-7E8EDCB384D2}
		{ACB98799-4B66-4691-AF7B-E38B3C658F71} = {6E41B38F-BCA9-4E3E-A1EE-562512EAD1F6}
		{23D489EC-28D4-4F15-A245-F6C81CE29E7D} = {6E41B38F-BCA9-4E3E-A1EE-562512EAD1F6}
		{1FD7DF73-DE1E-4D09-96AE-465826745A2A} = {6E41B38F-BCA9-4E3E-A1EE-562512EAD1F6}
		{A5C72A47-3024-4EEC-846F-5EB654070444} = {0D8F08BF-F685-4C48-9956-2C8903EE2205}
		{D6FC9457-5874-4396-B58C-5E5485CCE0C4} = {C0F1B4F1-2AC6-48B1-B8F7-4093FC1BF002}
		{72728912-EF1B-46C4-BDA1-7F1EEE063B15} = {C0F1B4F1-2AC6-48B1-B8F7-4093FC1BF002}
		{7BBCABA9-5BDD-4DA6-8993-0C382D2E8102} = {C0F1B4F1-2AC6-48B1-B8F7-4093FC1BF002}
		{37FA5A90-0989-4979-ACA8-76039A12A7E1} = {CD3857F1-C5DF-4F53-B5EC-8B942EAAF314}
		{51BD4CB5-815A-476D-A9F9-7680EDB7DEF4} = {C8164A70-F276-458F-A861-515239BF774C}
		{3D014676-D28D-4B59-9110-9CF03B7AF1DF} = {C8164A70-F276-458F-A861-515239BF774C}
		{F2D8DB43-2A0E-46A4-9A17-960B5864C131} = {C8164A70-F276-458F-A861-515239BF774C}
		{B4AD0294-C068-4FBF-A21F-E3E96BC15BE7} = {5C7816B5-7F85-44C3-8EB0-7EF92D32955E}
		{E8FF4045-68B7-43EA-A4F7-DE996B462D9D} = {5C7816B5-7F85-44C3-8EB0-7EF92D32955E}
		{345FD830-A937-457E-8A0E-4267DA453D38} = {5C7816B5-7F85-44C3-8EB0-7EF92D32955E}
		{141B1FAD-F1AE-4DA0-812D-B366719FC263} = {A89F4686-F5C6-44F8-B52D-A912B1D53839}
		{57A6FD65-EB75-4D6D-A4A3-ECA4C78914AA} = {BDFF584B-B5E5-4043-B4B0-7148D1C2BC54}
		{2C118829-B692-40D7-AFEB-3242C04486F4} = {BDFF584B-B5E5-4043-B4B0-7148D1C2BC54}
		{3BE44C3B-9C05-4C88-A388-9F9F86B0679E} = {BDFF584B-B5E5-4043-B4B0-7148D1C2BC54}
		{8222A67D-35AF-429E-A703-D8E15055EBA9} = {9AC918F6-53CD-4483-874F-D9C8AF94F4D2}
		{BD4106B8-F1ED-4B3C-978E-B32608AFE023} = {9AC918F6-53CD-4483-874F-D9C8AF94F4D2}
		{1A922CA7-EA35-4B33-9433-897D9AB870F3} = {9AC918F6-53CD-4483-874F-D9C8AF94F4D2}
		{586564F8-1C13-4996-A494-0B9AC0C662FC} = {DD444C16-7685-4342-9123-E42B87BE98A0}
		{C9E7A317-659D-4CEC-8950-2C576B8F361E} = {DD444C16-7685-4342-9123-E42B87BE98A0}
		{D09863F1-8D5C-43CE-8854-892DEF2402BA} = {DD444C16-7685-4342-9123-E42B87BE98A0}
	EndGlobalSection
EndGlobal
